{
	"name": "examples",
	"version": "0.0.0",
	"lockfileVersion": 2,
	"requires": true,
	"packages": {
		"": {
			"name": "examples",
			"version": "0.0.0",
			"license": "MIT",
			"devDependencies": {
				"@koa/router": "^10.1.1",
				"koa": "^2.13.4"
			}
		},
		"../packages/koa-forker": {
			"name": "@produck/koa-forker",
			"version": "0.0.0",
			"extraneous": true,
			"license": "MIT",
			"dependencies": {
				"@produck/charon": "0.3.0",
				"koa-compose": "^4.1.0"
			},
			"devDependencies": {
				"koa": "^2.13.4",
				"mocha": "^9.2.2"
			}
		},
		"node_modules/@koa/router": {
			"version": "10.1.1",
			"resolved": "https://registry.npmjs.org/@koa/router/-/router-10.1.1.tgz",
			"integrity": "sha512-ORNjq5z4EmQPriKbR0ER3k4Gh7YGNhWDL7JBW+8wXDrHLbWYKYSJaOJ9aN06npF5tbTxe2JBOsurpJDAvjiXKw==",
			"dev": true,
			"dependencies": {
				"debug": "^4.1.1",
				"http-errors": "^1.7.3",
				"koa-compose": "^4.1.0",
				"methods": "^1.1.2",
				"path-to-regexp": "^6.1.0"
			},
			"engines": {
				"node": ">= 8.0.0"
			}
		},
		"node_modules/accepts": {
			"version": "1.3.8",
			"dev": true,
			"license": "MIT",
			"dependencies": {
				"mime-types": "~2.1.34",
				"negotiator": "0.6.3"
			},
			"engines": {
				"node": ">= 0.6"
			}
		},
		"node_modules/cache-content-type": {
			"version": "1.0.1",
			"dev": true,
			"license": "MIT",
			"dependencies": {
				"mime-types": "^2.1.18",
				"ylru": "^1.2.0"
			},
			"engines": {
				"node": ">= 6.0.0"
			}
		},
		"node_modules/co": {
			"version": "4.6.0",
			"dev": true,
			"license": "MIT",
			"engines": {
				"iojs": ">= 1.0.0",
				"node": ">= 0.12.0"
			}
		},
		"node_modules/content-disposition": {
			"version": "0.5.4",
			"dev": true,
			"license": "MIT",
			"dependencies": {
				"safe-buffer": "5.2.1"
			},
			"engines": {
				"node": ">= 0.6"
			}
		},
		"node_modules/content-type": {
			"version": "1.0.4",
			"dev": true,
			"license": "MIT",
			"engines": {
				"node": ">= 0.6"
			}
		},
		"node_modules/cookies": {
			"version": "0.8.0",
			"dev": true,
			"license": "MIT",
			"dependencies": {
				"depd": "~2.0.0",
				"keygrip": "~1.1.0"
			},
			"engines": {
				"node": ">= 0.8"
			}
		},
		"node_modules/debug": {
			"version": "4.3.4",
			"dev": true,
			"license": "MIT",
			"dependencies": {
				"ms": "2.1.2"
			},
			"engines": {
				"node": ">=6.0"
			},
			"peerDependenciesMeta": {
				"supports-color": {
					"optional": true
				}
			}
		},
		"node_modules/deep-equal": {
			"version": "1.0.1",
			"dev": true,
			"license": "MIT"
		},
		"node_modules/delegates": {
			"version": "1.0.0",
			"dev": true,
			"license": "MIT"
		},
		"node_modules/depd": {
			"version": "2.0.0",
			"dev": true,
			"license": "MIT",
			"engines": {
				"node": ">= 0.8"
			}
		},
		"node_modules/destroy": {
			"version": "1.2.0",
			"dev": true,
			"license": "MIT",
			"engines": {
				"node": ">= 0.8",
				"npm": "1.2.8000 || >= 1.4.16"
			}
		},
		"node_modules/ee-first": {
			"version": "1.1.1",
			"dev": true,
			"license": "MIT"
		},
		"node_modules/encodeurl": {
			"version": "1.0.2",
			"dev": true,
			"license": "MIT",
			"engines": {
				"node": ">= 0.8"
			}
		},
		"node_modules/escape-html": {
			"version": "1.0.3",
			"dev": true,
			"license": "MIT"
		},
		"node_modules/fresh": {
			"version": "0.5.2",
			"dev": true,
			"license": "MIT",
			"engines": {
				"node": ">= 0.6"
			}
		},
		"node_modules/has-symbols": {
			"version": "1.0.3",
			"dev": true,
			"license": "MIT",
			"engines": {
				"node": ">= 0.4"
			},
			"funding": {
				"url": "https://github.com/sponsors/ljharb"
			}
		},
		"node_modules/has-tostringtag": {
			"version": "1.0.0",
			"dev": true,
			"license": "MIT",
			"dependencies": {
				"has-symbols": "^1.0.2"
			},
			"engines": {
				"node": ">= 0.4"
			},
			"funding": {
				"url": "https://github.com/sponsors/ljharb"
			}
		},
		"node_modules/http-assert": {
			"version": "1.5.0",
			"dev": true,
			"license": "MIT",
			"dependencies": {
				"deep-equal": "~1.0.1",
				"http-errors": "~1.8.0"
			},
			"engines": {
				"node": ">= 0.8"
			}
		},
		"node_modules/http-errors": {
			"version": "1.8.1",
			"dev": true,
			"license": "MIT",
			"dependencies": {
				"depd": "~1.1.2",
				"inherits": "2.0.4",
				"setprototypeof": "1.2.0",
				"statuses": ">= 1.5.0 < 2",
				"toidentifier": "1.0.1"
			},
			"engines": {
				"node": ">= 0.6"
			}
		},
		"node_modules/http-errors/node_modules/depd": {
			"version": "1.1.2",
			"dev": true,
			"license": "MIT",
			"engines": {
				"node": ">= 0.6"
			}
		},
		"node_modules/inherits": {
			"version": "2.0.4",
			"dev": true,
			"license": "ISC"
		},
		"node_modules/is-generator-function": {
			"version": "1.0.10",
			"dev": true,
			"license": "MIT",
			"dependencies": {
				"has-tostringtag": "^1.0.0"
			},
			"engines": {
				"node": ">= 0.4"
			},
			"funding": {
				"url": "https://github.com/sponsors/ljharb"
			}
		},
		"node_modules/keygrip": {
			"version": "1.1.0",
			"dev": true,
			"license": "MIT",
			"dependencies": {
				"tsscmp": "1.0.6"
			},
			"engines": {
				"node": ">= 0.6"
			}
		},
		"node_modules/koa": {
			"version": "2.13.4",
			"dev": true,
			"license": "MIT",
			"dependencies": {
				"accepts": "^1.3.5",
				"cache-content-type": "^1.0.0",
				"content-disposition": "~0.5.2",
				"content-type": "^1.0.4",
				"cookies": "~0.8.0",
				"debug": "^4.3.2",
				"delegates": "^1.0.0",
				"depd": "^2.0.0",
				"destroy": "^1.0.4",
				"encodeurl": "^1.0.2",
				"escape-html": "^1.0.3",
				"fresh": "~0.5.2",
				"http-assert": "^1.3.0",
				"http-errors": "^1.6.3",
				"is-generator-function": "^1.0.7",
				"koa-compose": "^4.1.0",
				"koa-convert": "^2.0.0",
				"on-finished": "^2.3.0",
				"only": "~0.0.2",
				"parseurl": "^1.3.2",
				"statuses": "^1.5.0",
				"type-is": "^1.6.16",
				"vary": "^1.1.2"
			},
			"engines": {
				"node": "^4.8.4 || ^6.10.1 || ^7.10.1 || >= 8.1.4"
			}
		},
		"node_modules/koa-compose": {
			"version": "4.1.0",
			"dev": true,
			"license": "MIT"
		},
		"node_modules/koa-convert": {
			"version": "2.0.0",
			"dev": true,
			"license": "MIT",
			"dependencies": {
				"co": "^4.6.0",
				"koa-compose": "^4.1.0"
			},
			"engines": {
				"node": ">= 10"
			}
		},
		"node_modules/media-typer": {
			"version": "0.3.0",
			"dev": true,
			"license": "MIT",
			"engines": {
				"node": ">= 0.6"
			}
		},
		"node_modules/methods": {
			"version": "1.1.2",
			"resolved": "https://registry.npmjs.org/methods/-/methods-1.1.2.tgz",
			"integrity": "sha1-VSmk1nZUE07cxSZmVoNbD4Ua/O4=",
			"dev": true,
			"engines": {
				"node": ">= 0.6"
			}
		},
		"node_modules/mime-db": {
			"version": "1.52.0",
			"dev": true,
			"license": "MIT",
			"engines": {
				"node": ">= 0.6"
			}
		},
		"node_modules/mime-types": {
			"version": "2.1.35",
			"dev": true,
			"license": "MIT",
			"dependencies": {
				"mime-db": "1.52.0"
			},
			"engines": {
				"node": ">= 0.6"
			}
		},
		"node_modules/ms": {
			"version": "2.1.2",
			"dev": true,
			"license": "MIT"
		},
		"node_modules/negotiator": {
			"version": "0.6.3",
			"dev": true,
			"license": "MIT",
			"engines": {
				"node": ">= 0.6"
			}
		},
		"node_modules/on-finished": {
			"version": "2.4.1",
			"dev": true,
			"license": "MIT",
			"dependencies": {
				"ee-first": "1.1.1"
			},
			"engines": {
				"node": ">= 0.8"
			}
		},
		"node_modules/only": {
			"version": "0.0.2",
			"dev": true
		},
		"node_modules/parseurl": {
			"version": "1.3.3",
			"dev": true,
			"license": "MIT",
			"engines": {
				"node": ">= 0.8"
			}
		},
		"node_modules/path-to-regexp": {
			"version": "6.2.0",
			"resolved": "https://registry.npmjs.org/path-to-regexp/-/path-to-regexp-6.2.0.tgz",
			"integrity": "sha512-f66KywYG6+43afgE/8j/GoiNyygk/bnoCbps++3ErRKsIYkGGupyv07R2Ok5m9i67Iqc+T2g1eAUGUPzWhYTyg==",
			"dev": true
		},
		"node_modules/safe-buffer": {
			"version": "5.2.1",
			"dev": true,
			"funding": [
				{
					"type": "github",
					"url": "https://github.com/sponsors/feross"
				},
				{
					"type": "patreon",
					"url": "https://www.patreon.com/feross"
				},
				{
					"type": "consulting",
					"url": "https://feross.org/support"
				}
			],
			"license": "MIT"
		},
		"node_modules/setprototypeof": {
			"version": "1.2.0",
			"dev": true,
			"license": "ISC"
		},
		"node_modules/statuses": {
			"version": "1.5.0",
			"dev": true,
			"license": "MIT",
			"engines": {
				"node": ">= 0.6"
			}
		},
		"node_modules/toidentifier": {
			"version": "1.0.1",
			"dev": true,
			"license": "MIT",
			"engines": {
				"node": ">=0.6"
			}
		},
		"node_modules/tsscmp": {
			"version": "1.0.6",
			"dev": true,
			"license": "MIT",
			"engines": {
				"node": ">=0.6.x"
			}
		},
		"node_modules/type-is": {
			"version": "1.6.18",
			"dev": true,
			"license": "MIT",
			"dependencies": {
				"media-typer": "0.3.0",
				"mime-types": "~2.1.24"
			},
			"engines": {
				"node": ">= 0.6"
			}
		},
		"node_modules/vary": {
			"version": "1.1.2",
			"dev": true,
			"license": "MIT",
			"engines": {
				"node": ">= 0.8"
			}
		},
		"node_modules/ylru": {
			"version": "1.3.2",
			"dev": true,
			"license": "MIT",
			"engines": {
				"node": ">= 4.0.0"
			}
		}
	},
	"dependencies": {
		"@koa/router": {
			"version": "10.1.1",
			"resolved": "https://registry.npmjs.org/@koa/router/-/router-10.1.1.tgz",
			"integrity": "sha512-ORNjq5z4EmQPriKbR0ER3k4Gh7YGNhWDL7JBW+8wXDrHLbWYKYSJaOJ9aN06npF5tbTxe2JBOsurpJDAvjiXKw==",
			"dev": true,
			"requires": {
				"debug": "^4.1.1",
				"http-errors": "^1.7.3",
				"koa-compose": "^4.1.0",
				"methods": "^1.1.2",
				"path-to-regexp": "^6.1.0"
			}
		},
		"accepts": {
			"version": "1.3.8",
			"dev": true,
			"requires": {
				"mime-types": "~2.1.34",
				"negotiator": "0.6.3"
			}
		},
		"cache-content-type": {
			"version": "1.0.1",
			"dev": true,
			"requires": {
				"mime-types": "^2.1.18",
				"ylru": "^1.2.0"
			}
		},
		"co": {
			"version": "4.6.0",
			"dev": true
		},
		"content-disposition": {
			"version": "0.5.4",
			"dev": true,
			"requires": {
				"safe-buffer": "5.2.1"
			}
		},
		"content-type": {
			"version": "1.0.4",
			"dev": true
		},
		"cookies": {
			"version": "0.8.0",
			"dev": true,
			"requires": {
				"depd": "~2.0.0",
				"keygrip": "~1.1.0"
			}
		},
		"debug": {
			"version": "4.3.4",
			"dev": true,
			"requires": {
				"ms": "2.1.2"
			}
		},
		"deep-equal": {
			"version": "1.0.1",
			"dev": true
		},
		"delegates": {
			"version": "1.0.0",
			"dev": true
		},
		"depd": {
			"version": "2.0.0",
			"dev": true
		},
		"destroy": {
			"version": "1.2.0",
			"dev": true
		},
		"ee-first": {
			"version": "1.1.1",
			"dev": true
		},
		"encodeurl": {
			"version": "1.0.2",
			"dev": true
		},
		"escape-html": {
			"version": "1.0.3",
			"dev": true
		},
		"fresh": {
			"version": "0.5.2",
			"dev": true
		},
		"has-symbols": {
			"version": "1.0.3",
			"dev": true
		},
		"has-tostringtag": {
			"version": "1.0.0",
			"dev": true,
			"requires": {
				"has-symbols": "^1.0.2"
			}
		},
		"http-assert": {
			"version": "1.5.0",
			"dev": true,
			"requires": {
				"deep-equal": "~1.0.1",
				"http-errors": "~1.8.0"
			}
		},
		"http-errors": {
			"version": "1.8.1",
			"dev": true,
			"requires": {
				"depd": "~1.1.2",
				"inherits": "2.0.4",
				"setprototypeof": "1.2.0",
				"statuses": ">= 1.5.0 < 2",
				"toidentifier": "1.0.1"
			},
			"dependencies": {
				"depd": {
					"version": "1.1.2",
					"dev": true
				}
			}
		},
		"inherits": {
			"version": "2.0.4",
			"dev": true
		},
		"is-generator-function": {
			"version": "1.0.10",
			"dev": true,
			"requires": {
				"has-tostringtag": "^1.0.0"
			}
		},
		"keygrip": {
			"version": "1.1.0",
			"dev": true,
			"requires": {
				"tsscmp": "1.0.6"
			}
		},
		"koa": {
			"version": "2.13.4",
			"dev": true,
			"requires": {
				"accepts": "^1.3.5",
				"cache-content-type": "^1.0.0",
				"content-disposition": "~0.5.2",
				"content-type": "^1.0.4",
				"cookies": "~0.8.0",
				"debug": "^4.3.2",
				"delegates": "^1.0.0",
				"depd": "^2.0.0",
				"destroy": "^1.0.4",
				"encodeurl": "^1.0.2",
				"escape-html": "^1.0.3",
				"fresh": "~0.5.2",
				"http-assert": "^1.3.0",
				"http-errors": "^1.6.3",
				"is-generator-function": "^1.0.7",
				"koa-compose": "^4.1.0",
				"koa-convert": "^2.0.0",
				"on-finished": "^2.3.0",
				"only": "~0.0.2",
				"parseurl": "^1.3.2",
				"statuses": "^1.5.0",
				"type-is": "^1.6.16",
				"vary": "^1.1.2"
			}
		},
		"koa-compose": {
			"version": "4.1.0",
			"dev": true
		},
		"koa-convert": {
			"version": "2.0.0",
			"dev": true,
			"requires": {
				"co": "^4.6.0",
				"koa-compose": "^4.1.0"
			}
		},
		"media-typer": {
			"version": "0.3.0",
			"dev": true
		},
		"methods": {
			"version": "1.1.2",
			"resolved": "https://registry.npmjs.org/methods/-/methods-1.1.2.tgz",
			"integrity": "sha1-VSmk1nZUE07cxSZmVoNbD4Ua/O4=",
			"dev": true
		},
		"mime-db": {
			"version": "1.52.0",
			"dev": true
		},
		"mime-types": {
			"version": "2.1.35",
			"dev": true,
			"requires": {
				"mime-db": "1.52.0"
			}
		},
		"ms": {
			"version": "2.1.2",
			"dev": true
		},
		"negotiator": {
			"version": "0.6.3",
			"dev": true
		},
		"on-finished": {
			"version": "2.4.1",
			"dev": true,
			"requires": {
				"ee-first": "1.1.1"
			}
		},
		"only": {
			"version": "0.0.2",
			"dev": true
		},
		"parseurl": {
			"version": "1.3.3",
			"dev": true
		},
		"path-to-regexp": {
			"version": "6.2.0",
			"resolved": "https://registry.npmjs.org/path-to-regexp/-/path-to-regexp-6.2.0.tgz",
			"integrity": "sha512-f66KywYG6+43afgE/8j/GoiNyygk/bnoCbps++3ErRKsIYkGGupyv07R2Ok5m9i67Iqc+T2g1eAUGUPzWhYTyg==",
			"dev": true
		},
		"safe-buffer": {
			"version": "5.2.1",
			"dev": true
		},
		"setprototypeof": {
			"version": "1.2.0",
			"dev": true
		},
		"statuses": {
			"version": "1.5.0",
			"dev": true
		},
		"toidentifier": {
			"version": "1.0.1",
			"dev": true
		},
		"tsscmp": {
			"version": "1.0.6",
			"dev": true
		},
		"type-is": {
			"version": "1.6.18",
			"dev": true,
			"requires": {
				"media-typer": "0.3.0",
				"mime-types": "~2.1.24"
			}
		},
		"vary": {
			"version": "1.1.2",
			"dev": true
		},
		"ylru": {
			"version": "1.3.2",
			"dev": true
		}
	}
}
